
Microsoft Visual Studio Solution File, Format Version 12.00
# Visual Studio Version 17
VisualStudioVersion = 17.0.31903.59
MinimumVisualStudioVersion = 10.0.40219.1
Project("{2150E333-8FDC-42A3-9474-1A3956D46DE8}") = "src", "src", "{CB6CE521-B569-4379-8D02-C985BE0DA946}"
EndProject
Project("{F2A71F9B-5D33-465A-A702-920D77279786}") = "DiscordFetch", "src\DiscordFetch\DiscordFetch.fsproj", "{E4F5022A-EBF5-4BA7-BBD2-B25F2FAD1CD3}"
EndProject
Global
	GlobalSection(SolutionConfigurationPlatforms) = preSolution
		Debug|Any CPU = Debug|Any CPU
		Release|Any CPU = Release|Any CPU
	EndGlobalSection
	GlobalSection(SolutionProperties) = preSolution
		HideSolutionNode = FALSE
	EndGlobalSection
	GlobalSection(ProjectConfigurationPlatforms) = postSolution
		{E4F5022A-EBF5-4BA7-BBD2-B25F2FAD1CD3}.Debug|Any CPU.ActiveCfg = Debug|Any CPU
		{E4F5022A-EBF5-4BA7-BBD2-B25F2FAD1CD3}.Debug|Any CPU.Build.0 = Debug|Any CPU
		{E4F5022A-EBF5-4BA7-BBD2-B25F2FAD1CD3}.Release|Any CPU.ActiveCfg = Release|Any CPU
		{E4F5022A-EBF5-4BA7-BBD2-B25F2FAD1CD3}.Release|Any CPU.Build.0 = Release|Any CPU
	EndGlobalSection
	GlobalSection(NestedProjects) = preSolution
		{E4F5022A-EBF5-4BA7-BBD2-B25F2FAD1CD3} = {CB6CE521-B569-4379-8D02-C985BE0DA946}
	EndGlobalSection
EndGlobal
